{
  "originHash" : "fda64586dafc7564346ef8fbb7388e409bd2d31b1bb7891a71429c5f3c602cc8",
  "pins" : [
    {
      "identity" : "navigationbackport",
      "kind" : "remoteSourceControl",
      "location" : "https://github.com/johnpatrickmorgan/NavigationBackport.git",
      "state" : {
        "revision" : "b002991691b54fd7b952e1e780de252620f8ac77",
        "version" : "0.9.1"
      }
    }
  ],
  "version" : 3
}
