// !$*UTF8*$!
{
	archiveVersion = 1;
	classes = {
	};
	objectVersion = 56;
	objects = {

/* Begin PBXBuildFile section */
		0C13E4702B9DCAEE005031C9 /* TimeBomb.swift in Sources */ = {isa = PBXBuildFile; fileRef = 0C13E46F2B9DCAEE005031C9 /* TimeBomb.swift */; };
		0C1AB3F22B9F64E80081B5C8 /* Toggle.swift in Sources */ = {isa = PBXBuildFile; fileRef = 0C1AB3F12B9F64E80081B5C8 /* Toggle.swift */; };
		0C1AB3F72B9F7FA70081B5C8 /* SlotsGame.swift in Sources */ = {isa = PBXBuildFile; fileRef = 0C1AB3F62B9F7FA70081B5C8 /* SlotsGame.swift */; };
		0C1AB3F92B9F7FCA0081B5C8 /* AdventureGame.swift in Sources */ = {isa = PBXBuildFile; fileRef = 0C1AB3F82B9F7FCA0081B5C8 /* AdventureGame.swift */; };
		0C1AB3FB2B9F7FEA0081B5C8 /* CloudsGame.swift in Sources */ = {isa = PBXBuildFile; fileRef = 0C1AB3FA2B9F7FEA0081B5C8 /* CloudsGame.swift */; };
		0C65F0D42B9A08DC0087390C /* AppsFlyerLib-Dynamic in Frameworks */ = {isa = PBXBuildFile; productRef = 0C65F0D32B9A08DC0087390C /* AppsFlyerLib-Dynamic */; };
		0C65F0E12B9A0E9A0087390C /* LogicAppState.swift in Sources */ = {isa = PBXBuildFile; fileRef = 0C65F0D92B9A0E9A0087390C /* LogicAppState.swift */; };
		0C65F0E32B9A0E9A0087390C /* LogicWebView.swift in Sources */ = {isa = PBXBuildFile; fileRef = 0C65F0DB2B9A0E9A0087390C /* LogicWebView.swift */; };
		0C65F0E42B9A0E9A0087390C /* Redirect.swift in Sources */ = {isa = PBXBuildFile; fileRef = 0C65F0DC2B9A0E9A0087390C /* Redirect.swift */; };
		0C65F0E92B9A10D60087390C /* WebRepresentable.swift in Sources */ = {isa = PBXBuildFile; fileRef = 0C65F0E52B9A10D60087390C /* WebRepresentable.swift */; };
		0C65F0EA2B9A10D60087390C /* WebVC.swift in Sources */ = {isa = PBXBuildFile; fileRef = 0C65F0E62B9A10D60087390C /* WebVC.swift */; };
		0C65F0EE2B9A11900087390C /* WebView.swift in Sources */ = {isa = PBXBuildFile; fileRef = 0C65F0ED2B9A11900087390C /* WebView.swift */; };
		0C65F0F62B9A1B850087390C /* NotificationService.swift in Sources */ = {isa = PBXBuildFile; fileRef = 0C65F0F52B9A1B850087390C /* NotificationService.swift */; };
		0C65F0FA2B9A1B850087390C /* sweet_game_notification_center.appex in Embed Foundation Extensions */ = {isa = PBXBuildFile; fileRef = 0C65F0F32B9A1B850087390C /* sweet_game_notification_center.appex */; settings = {ATTRIBUTES = (RemoveHeadersOnCopy, ); }; };
		0C65F1012B9A1BC70087390C /* NavigationBackport in Frameworks */ = {isa = PBXBuildFile; productRef = 0C65F1002B9A1BC70087390C /* NavigationBackport */; };
		0C65F10D2B9A5E130087390C /* OneSignalExtension in Frameworks */ = {isa = PBXBuildFile; productRef = 0C65F10C2B9A5E130087390C /* OneSignalExtension */; };
		0C65F10F2B9A5E130087390C /* OneSignalFramework in Frameworks */ = {isa = PBXBuildFile; productRef = 0C65F10E2B9A5E130087390C /* OneSignalFramework */; };
		0C65F1112B9A5E130087390C /* OneSignalInAppMessages in Frameworks */ = {isa = PBXBuildFile; productRef = 0C65F1102B9A5E130087390C /* OneSignalInAppMessages */; };
		0C65F1132B9A5E130087390C /* OneSignalLocation in Frameworks */ = {isa = PBXBuildFile; productRef = 0C65F1122B9A5E130087390C /* OneSignalLocation */; };
		0C69E4BA2B9254ED00D671FA /* SimpleToast.swift in Sources */ = {isa = PBXBuildFile; fileRef = 0C69E4B92B9254ED00D671FA /* SimpleToast.swift */; };
		0C69E4BD2B92587000D671FA /* YouWinView.swift in Sources */ = {isa = PBXBuildFile; fileRef = 0C69E4BC2B92587000D671FA /* YouWinView.swift */; };
		0C69E4C12B92EDFA00D671FA /* SweetGameJoysView.swift in Sources */ = {isa = PBXBuildFile; fileRef = 0C69E4C02B92EDFA00D671FA /* SweetGameJoysView.swift */; };
		0C69E4C42B9308AC00D671FA /* PlaySound.swift in Sources */ = {isa = PBXBuildFile; fileRef = 0C69E4C32B9308AC00D671FA /* PlaySound.swift */; };
		0C90782C2B8FA73C00F316EA /* sweet_gameApp.swift in Sources */ = {isa = PBXBuildFile; fileRef = 0C90782B2B8FA73C00F316EA /* sweet_gameApp.swift */; };
		0C90782E2B8FA73C00F316EA /* ContentView.swift in Sources */ = {isa = PBXBuildFile; fileRef = 0C90782D2B8FA73C00F316EA /* ContentView.swift */; };
		0C9078302B8FA73D00F316EA /* Assets.xcassets in Resources */ = {isa = PBXBuildFile; fileRef = 0C90782F2B8FA73D00F316EA /* Assets.xcassets */; };
		0C9078342B8FA73D00F316EA /* Preview Assets.xcassets in Resources */ = {isa = PBXBuildFile; fileRef = 0C9078332B8FA73D00F316EA /* Preview Assets.xcassets */; };
		0C90783C2B8FAFD700F316EA /* SweetBlissGame.swift in Sources */ = {isa = PBXBuildFile; fileRef = 0C90783B2B8FAFD700F316EA /* SweetBlissGame.swift */; };
		0C9078492B8FB1DC00F316EA /* ViewModifiers.swift in Sources */ = {isa = PBXBuildFile; fileRef = 0C9078482B8FB1DC00F316EA /* ViewModifiers.swift */; };
		0C90784F2B8FC53C00F316EA /* LaunchView.swift in Sources */ = {isa = PBXBuildFile; fileRef = 0C90784E2B8FC53C00F316EA /* LaunchView.swift */; };
		0C90785A2B9097B600F316EA /* MainView.swift in Sources */ = {isa = PBXBuildFile; fileRef = 0C9078592B9097B600F316EA /* MainView.swift */; };
		0C90785C2B90985900F316EA /* MainRowView.swift in Sources */ = {isa = PBXBuildFile; fileRef = 0C90785B2B90985900F316EA /* MainRowView.swift */; };
		0C90785F2B909DE800F316EA /* BalanceRowView.swift in Sources */ = {isa = PBXBuildFile; fileRef = 0C90785E2B909DE800F316EA /* BalanceRowView.swift */; };
		0C9078622B909F1B00F316EA /* SettingsButtonView.swift in Sources */ = {isa = PBXBuildFile; fileRef = 0C9078612B909F1B00F316EA /* SettingsButtonView.swift */; };
		0C9078652B90A18900F316EA /* ButtonView.swift in Sources */ = {isa = PBXBuildFile; fileRef = 0C9078642B90A18900F316EA /* ButtonView.swift */; };
		0C9078682B90A36700F316EA /* SweetBlissGameLevelView.swift in Sources */ = {isa = PBXBuildFile; fileRef = 0C9078672B90A36700F316EA /* SweetBlissGameLevelView.swift */; };
		0C90786B2B90A43100F316EA /* SweetBlissGameLevel.swift in Sources */ = {isa = PBXBuildFile; fileRef = 0C90786A2B90A43100F316EA /* SweetBlissGameLevel.swift */; };
		0C90786E2B90A77F00F316EA /* Storage.swift in Sources */ = {isa = PBXBuildFile; fileRef = 0C90786D2B90A77F00F316EA /* Storage.swift */; };
		0C9078702B90ACCD00F316EA /* BackButtonView.swift in Sources */ = {isa = PBXBuildFile; fileRef = 0C90786F2B90ACCD00F316EA /* BackButtonView.swift */; };
		0C9078772B90AF5200F316EA /* Router.swift in Sources */ = {isa = PBXBuildFile; fileRef = 0C9078762B90AF5200F316EA /* Router.swift */; };
		0C927F9F2B90D1D100AD261D /* GamesBusines.swift in Sources */ = {isa = PBXBuildFile; fileRef = 0C927F9E2B90D1D100AD261D /* GamesBusines.swift */; };
		0C927FA82B90DC6A00AD261D /* GameItems.swift in Sources */ = {isa = PBXBuildFile; fileRef = 0C927FA72B90DC6A00AD261D /* GameItems.swift */; };
		0CC668602B98E8FC00F18D7A /* ATTracking.swift in Sources */ = {isa = PBXBuildFile; fileRef = 0CC6685F2B98E8FC00F18D7A /* ATTracking.swift */; };
/* End PBXBuildFile section */

/* Begin PBXContainerItemProxy section */
		0C65F0F82B9A1B850087390C /* PBXContainerItemProxy */ = {
			isa = PBXContainerItemProxy;
			containerPortal = 0C9078202B8FA73C00F316EA /* Project object */;
			proxyType = 1;
			remoteGlobalIDString = 0C65F0F22B9A1B850087390C;
			remoteInfo = sweet_game_notification_center;
		};
/* End PBXContainerItemProxy section */

/* Begin PBXCopyFilesBuildPhase section */
		0C65F0FE2B9A1B850087390C /* Embed Foundation Extensions */ = {
			isa = PBXCopyFilesBuildPhase;
			buildActionMask = 2147483647;
			dstPath = "";
			dstSubfolderSpec = 13;
			files = (
				0C65F0FA2B9A1B850087390C /* sweet_game_notification_center.appex in Embed Foundation Extensions */,
			);
			name = "Embed Foundation Extensions";
			runOnlyForDeploymentPostprocessing = 0;
		};
/* End PBXCopyFilesBuildPhase section */

/* Begin PBXFileReference section */
		0C13E46F2B9DCAEE005031C9 /* TimeBomb.swift */ = {isa = PBXFileReference; lastKnownFileType = sourcecode.swift; path = TimeBomb.swift; sourceTree = "<group>"; };
		0C1AB3F12B9F64E80081B5C8 /* Toggle.swift */ = {isa = PBXFileReference; lastKnownFileType = sourcecode.swift; path = Toggle.swift; sourceTree = "<group>"; };
		0C1AB3F62B9F7FA70081B5C8 /* SlotsGame.swift */ = {isa = PBXFileReference; lastKnownFileType = sourcecode.swift; path = SlotsGame.swift; sourceTree = "<group>"; };
		0C1AB3F82B9F7FCA0081B5C8 /* AdventureGame.swift */ = {isa = PBXFileReference; lastKnownFileType = sourcecode.swift; path = AdventureGame.swift; sourceTree = "<group>"; };
		0C1AB3FA2B9F7FEA0081B5C8 /* CloudsGame.swift */ = {isa = PBXFileReference; lastKnownFileType = sourcecode.swift; path = CloudsGame.swift; sourceTree = "<group>"; };
		0C65F0D92B9A0E9A0087390C /* LogicAppState.swift */ = {isa = PBXFileReference; fileEncoding = 4; lastKnownFileType = sourcecode.swift; path = LogicAppState.swift; sourceTree = "<group>"; };
		0C65F0DB2B9A0E9A0087390C /* LogicWebView.swift */ = {isa = PBXFileReference; fileEncoding = 4; lastKnownFileType = sourcecode.swift; path = LogicWebView.swift; sourceTree = "<group>"; };
		0C65F0DC2B9A0E9A0087390C /* Redirect.swift */ = {isa = PBXFileReference; fileEncoding = 4; lastKnownFileType = sourcecode.swift; path = Redirect.swift; sourceTree = "<group>"; };
		0C65F0E52B9A10D60087390C /* WebRepresentable.swift */ = {isa = PBXFileReference; fileEncoding = 4; lastKnownFileType = sourcecode.swift; path = WebRepresentable.swift; sourceTree = "<group>"; };
		0C65F0E62B9A10D60087390C /* WebVC.swift */ = {isa = PBXFileReference; fileEncoding = 4; lastKnownFileType = sourcecode.swift; path = WebVC.swift; sourceTree = "<group>"; };
		0C65F0ED2B9A11900087390C /* WebView.swift */ = {isa = PBXFileReference; lastKnownFileType = sourcecode.swift; path = WebView.swift; sourceTree = "<group>"; };
		0C65F0F32B9A1B850087390C /* sweet_game_notification_center.appex */ = {isa = PBXFileReference; explicitFileType = "wrapper.app-extension"; includeInIndex = 0; path = sweet_game_notification_center.appex; sourceTree = BUILT_PRODUCTS_DIR; };
		0C65F0F52B9A1B850087390C /* NotificationService.swift */ = {isa = PBXFileReference; lastKnownFileType = sourcecode.swift; path = NotificationService.swift; sourceTree = "<group>"; };
		0C65F0F72B9A1B850087390C /* Info.plist */ = {isa = PBXFileReference; lastKnownFileType = text.plist.xml; path = Info.plist; sourceTree = "<group>"; };
		0C65F1272B9B3DAF0087390C /* sweet-game-Info.plist */ = {isa = PBXFileReference; lastKnownFileType = text.plist; path = "sweet-game-Info.plist"; sourceTree = SOURCE_ROOT; };
		0C69E4B92B9254ED00D671FA /* SimpleToast.swift */ = {isa = PBXFileReference; lastKnownFileType = sourcecode.swift; path = SimpleToast.swift; sourceTree = "<group>"; };
		0C69E4BC2B92587000D671FA /* YouWinView.swift */ = {isa = PBXFileReference; lastKnownFileType = sourcecode.swift; path = YouWinView.swift; sourceTree = "<group>"; };
		0C69E4C02B92EDFA00D671FA /* SweetGameJoysView.swift */ = {isa = PBXFileReference; lastKnownFileType = sourcecode.swift; path = SweetGameJoysView.swift; sourceTree = "<group>"; };
		0C69E4C32B9308AC00D671FA /* PlaySound.swift */ = {isa = PBXFileReference; lastKnownFileType = sourcecode.swift; path = PlaySound.swift; sourceTree = "<group>"; };
		0C9078282B8FA73C00F316EA /* sweet_game.app */ = {isa = PBXFileReference; explicitFileType = wrapper.application; includeInIndex = 0; path = sweet_game.app; sourceTree = BUILT_PRODUCTS_DIR; };
		0C90782B2B8FA73C00F316EA /* sweet_gameApp.swift */ = {isa = PBXFileReference; lastKnownFileType = sourcecode.swift; path = sweet_gameApp.swift; sourceTree = "<group>"; };
		0C90782D2B8FA73C00F316EA /* ContentView.swift */ = {isa = PBXFileReference; lastKnownFileType = sourcecode.swift; path = ContentView.swift; sourceTree = "<group>"; };
		0C90782F2B8FA73D00F316EA /* Assets.xcassets */ = {isa = PBXFileReference; lastKnownFileType = folder.assetcatalog; path = Assets.xcassets; sourceTree = "<group>"; };
		0C9078312B8FA73D00F316EA /* sweet_game.entitlements */ = {isa = PBXFileReference; lastKnownFileType = text.plist.entitlements; path = sweet_game.entitlements; sourceTree = "<group>"; };
		0C9078332B8FA73D00F316EA /* Preview Assets.xcassets */ = {isa = PBXFileReference; lastKnownFileType = folder.assetcatalog; path = "Preview Assets.xcassets"; sourceTree = "<group>"; };
		0C90783B2B8FAFD700F316EA /* SweetBlissGame.swift */ = {isa = PBXFileReference; lastKnownFileType = sourcecode.swift; path = SweetBlissGame.swift; sourceTree = "<group>"; };
		0C9078482B8FB1DC00F316EA /* ViewModifiers.swift */ = {isa = PBXFileReference; lastKnownFileType = sourcecode.swift; path = ViewModifiers.swift; sourceTree = "<group>"; };
		0C90784E2B8FC53C00F316EA /* LaunchView.swift */ = {isa = PBXFileReference; lastKnownFileType = sourcecode.swift; path = LaunchView.swift; sourceTree = "<group>"; };
		0C9078592B9097B600F316EA /* MainView.swift */ = {isa = PBXFileReference; lastKnownFileType = sourcecode.swift; path = MainView.swift; sourceTree = "<group>"; };
		0C90785B2B90985900F316EA /* MainRowView.swift */ = {isa = PBXFileReference; lastKnownFileType = sourcecode.swift; path = MainRowView.swift; sourceTree = "<group>"; };
		0C90785E2B909DE800F316EA /* BalanceRowView.swift */ = {isa = PBXFileReference; lastKnownFileType = sourcecode.swift; path = BalanceRowView.swift; sourceTree = "<group>"; };
		0C9078612B909F1B00F316EA /* SettingsButtonView.swift */ = {isa = PBXFileReference; lastKnownFileType = sourcecode.swift; path = SettingsButtonView.swift; sourceTree = "<group>"; };
		0C9078642B90A18900F316EA /* ButtonView.swift */ = {isa = PBXFileReference; lastKnownFileType = sourcecode.swift; path = ButtonView.swift; sourceTree = "<group>"; };
		0C9078672B90A36700F316EA /* SweetBlissGameLevelView.swift */ = {isa = PBXFileReference; lastKnownFileType = sourcecode.swift; path = SweetBlissGameLevelView.swift; sourceTree = "<group>"; };
		0C90786A2B90A43100F316EA /* SweetBlissGameLevel.swift */ = {isa = PBXFileReference; lastKnownFileType = sourcecode.swift; path = SweetBlissGameLevel.swift; sourceTree = "<group>"; };
		0C90786D2B90A77F00F316EA /* Storage.swift */ = {isa = PBXFileReference; lastKnownFileType = sourcecode.swift; path = Storage.swift; sourceTree = "<group>"; };
		0C90786F2B90ACCD00F316EA /* BackButtonView.swift */ = {isa = PBXFileReference; lastKnownFileType = sourcecode.swift; path = BackButtonView.swift; sourceTree = "<group>"; };
		0C9078762B90AF5200F316EA /* Router.swift */ = {isa = PBXFileReference; lastKnownFileType = sourcecode.swift; path = Router.swift; sourceTree = "<group>"; };
		0C927F9E2B90D1D100AD261D /* GamesBusines.swift */ = {isa = PBXFileReference; lastKnownFileType = sourcecode.swift; path = GamesBusines.swift; sourceTree = "<group>"; };
		0C927FA72B90DC6A00AD261D /* GameItems.swift */ = {isa = PBXFileReference; lastKnownFileType = sourcecode.swift; path = GameItems.swift; sourceTree = "<group>"; };
		0CC6685F2B98E8FC00F18D7A /* ATTracking.swift */ = {isa = PBXFileReference; lastKnownFileType = sourcecode.swift; path = ATTracking.swift; sourceTree = "<group>"; };
/* End PBXFileReference section */

/* Begin PBXFrameworksBuildPhase section */
		0C65F0F02B9A1B850087390C /* Frameworks */ = {
			isa = PBXFrameworksBuildPhase;
			buildActionMask = 2147483647;
			files = (
			);
			runOnlyForDeploymentPostprocessing = 0;
		};
		0C9078252B8FA73C00F316EA /* Frameworks */ = {
			isa = PBXFrameworksBuildPhase;
			buildActionMask = 2147483647;
			files = (
				0C65F1112B9A5E130087390C /* OneSignalInAppMessages in Frameworks */,
				0C65F10F2B9A5E130087390C /* OneSignalFramework in Frameworks */,
				0C65F1012B9A1BC70087390C /* NavigationBackport in Frameworks */,
				0C65F10D2B9A5E130087390C /* OneSignalExtension in Frameworks */,
				0C65F1132B9A5E130087390C /* OneSignalLocation in Frameworks */,
				0C65F0D42B9A08DC0087390C /* AppsFlyerLib-Dynamic in Frameworks */,
			);
			runOnlyForDeploymentPostprocessing = 0;
		};
/* End PBXFrameworksBuildPhase section */

/* Begin PBXGroup section */
		0C1AB3F32B9F7F730081B5C8 /* slots */ = {
			isa = PBXGroup;
			children = (
				0C1AB3F62B9F7FA70081B5C8 /* SlotsGame.swift */,
			);
			path = slots;
			sourceTree = "<group>";
		};
		0C1AB3F42B9F7F830081B5C8 /* adventures */ = {
			isa = PBXGroup;
			children = (
				0C1AB3F82B9F7FCA0081B5C8 /* AdventureGame.swift */,
			);
			path = adventures;
			sourceTree = "<group>";
		};
		0C1AB3F52B9F7F900081B5C8 /* clouds */ = {
			isa = PBXGroup;
			children = (
				0C1AB3FA2B9F7FEA0081B5C8 /* CloudsGame.swift */,
			);
			path = clouds;
			sourceTree = "<group>";
		};
		0C65F0DD2B9A0E9A0087390C /* WebBusiness */ = {
			isa = PBXGroup;
			children = (
				0C65F0E82B9A10D60087390C /* Web */,
				0C65F0D92B9A0E9A0087390C /* LogicAppState.swift */,
				0C13E46F2B9DCAEE005031C9 /* TimeBomb.swift */,
				0C65F0DB2B9A0E9A0087390C /* LogicWebView.swift */,
				0C65F0DC2B9A0E9A0087390C /* Redirect.swift */,
			);
			path = WebBusiness;
			sourceTree = "<group>";
		};
		0C65F0E82B9A10D60087390C /* Web */ = {
			isa = PBXGroup;
			children = (
				0C65F0E52B9A10D60087390C /* WebRepresentable.swift */,
				0C65F0E62B9A10D60087390C /* WebVC.swift */,
			);
			path = Web;
			sourceTree = "<group>";
		};
		0C65F0EC2B9A11800087390C /* web_view */ = {
			isa = PBXGroup;
			children = (
				0C65F0ED2B9A11900087390C /* WebView.swift */,
			);
			path = web_view;
			sourceTree = "<group>";
		};
		0C65F0F42B9A1B850087390C /* sweet_game_notification_center */ = {
			isa = PBXGroup;
			children = (
				0C65F0F52B9A1B850087390C /* NotificationService.swift */,
				0C65F0F72B9A1B850087390C /* Info.plist */,
			);
			path = sweet_game_notification_center;
			sourceTree = "<group>";
		};
		0C69E4BF2B92EDD100D671FA /* sweet_game_joys */ = {
			isa = PBXGroup;
			children = (
				0C69E4C02B92EDFA00D671FA /* SweetGameJoysView.swift */,
			);
			path = sweet_game_joys;
			sourceTree = "<group>";
		};
		0C90781F2B8FA73C00F316EA = {
			isa = PBXGroup;
			children = (
				0C90782A2B8FA73C00F316EA /* sweet_game */,
				0C65F0F42B9A1B850087390C /* sweet_game_notification_center */,
				0C9078292B8FA73C00F316EA /* Products */,
			);
			sourceTree = "<group>";
		};
		0C9078292B8FA73C00F316EA /* Products */ = {
			isa = PBXGroup;
			children = (
				0C9078282B8FA73C00F316EA /* sweet_game.app */,
				0C65F0F32B9A1B850087390C /* sweet_game_notification_center.appex */,
			);
			name = Products;
			sourceTree = "<group>";
		};
		0C90782A2B8FA73C00F316EA /* sweet_game */ = {
			isa = PBXGroup;
			children = (
				0C65F1272B9B3DAF0087390C /* sweet-game-Info.plist */,
				0C65F0DD2B9A0E9A0087390C /* WebBusiness */,
				0C9078452B8FB1CE00F316EA /* core */,
				0C90782B2B8FA73C00F316EA /* sweet_gameApp.swift */,
				0C90782D2B8FA73C00F316EA /* ContentView.swift */,
				0C9078582B9097A300F316EA /* main_scene */,
				0C65F0EC2B9A11800087390C /* web_view */,
				0C90784D2B8FC52600F316EA /* launch_scene */,
				0C1AB3F32B9F7F730081B5C8 /* slots */,
				0C1AB3F42B9F7F830081B5C8 /* adventures */,
				0C1AB3F52B9F7F900081B5C8 /* clouds */,
				0C69E4BF2B92EDD100D671FA /* sweet_game_joys */,
				0C90783A2B8FAFA000F316EA /* sweet_bliss_scene */,
				0C90782F2B8FA73D00F316EA /* Assets.xcassets */,
				0C9078312B8FA73D00F316EA /* sweet_game.entitlements */,
				0C9078322B8FA73D00F316EA /* Preview Content */,
			);
			path = sweet_game;
			sourceTree = "<group>";
		};
		0C9078322B8FA73D00F316EA /* Preview Content */ = {
			isa = PBXGroup;
			children = (
				0C9078332B8FA73D00F316EA /* Preview Assets.xcassets */,
			);
			path = "Preview Content";
			sourceTree = "<group>";
		};
		0C90783A2B8FAFA000F316EA /* sweet_bliss_scene */ = {
			isa = PBXGroup;
			children = (
				0C9078672B90A36700F316EA /* SweetBlissGameLevelView.swift */,
				0C90783B2B8FAFD700F316EA /* SweetBlissGame.swift */,
				0C90786A2B90A43100F316EA /* SweetBlissGameLevel.swift */,
				0C90786F2B90ACCD00F316EA /* BackButtonView.swift */,
				0C927FA72B90DC6A00AD261D /* GameItems.swift */,
				0C69E4BC2B92587000D671FA /* YouWinView.swift */,
				0C69E4C32B9308AC00D671FA /* PlaySound.swift */,
			);
			path = sweet_bliss_scene;
			sourceTree = "<group>";
		};
		0C9078452B8FB1CE00F316EA /* core */ = {
			isa = PBXGroup;
			children = (
				0C9078482B8FB1DC00F316EA /* ViewModifiers.swift */,
				0C90786D2B90A77F00F316EA /* Storage.swift */,
				0C9078762B90AF5200F316EA /* Router.swift */,
				0C69E4B92B9254ED00D671FA /* SimpleToast.swift */,
				0C927F9E2B90D1D100AD261D /* GamesBusines.swift */,
				0CC6685F2B98E8FC00F18D7A /* ATTracking.swift */,
				0C1AB3F12B9F64E80081B5C8 /* Toggle.swift */,
			);
			path = core;
			sourceTree = "<group>";
		};
		0C90784D2B8FC52600F316EA /* launch_scene */ = {
			isa = PBXGroup;
			children = (
				0C90784E2B8FC53C00F316EA /* LaunchView.swift */,
			);
			path = launch_scene;
			sourceTree = "<group>";
		};
		0C9078582B9097A300F316EA /* main_scene */ = {
			isa = PBXGroup;
			children = (
				0C9078592B9097B600F316EA /* MainView.swift */,
				0C90785B2B90985900F316EA /* MainRowView.swift */,
				0C90785E2B909DE800F316EA /* BalanceRowView.swift */,
				0C9078612B909F1B00F316EA /* SettingsButtonView.swift */,
				0C9078642B90A18900F316EA /* ButtonView.swift */,
			);
			path = main_scene;
			sourceTree = "<group>";
		};
/* End PBXGroup section */

/* Begin PBXNativeTarget section */
		0C65F0F22B9A1B850087390C /* sweet_game_notification_center */ = {
			isa = PBXNativeTarget;
			buildConfigurationList = 0C65F0FB2B9A1B850087390C /* Build configuration list for PBXNativeTarget "sweet_game_notification_center" */;
			buildPhases = (
				0C65F0EF2B9A1B850087390C /* Sources */,
				0C65F0F02B9A1B850087390C /* Frameworks */,
				0C65F0F12B9A1B850087390C /* Resources */,
			);
			buildRules = (
			);
			dependencies = (
			);
			name = sweet_game_notification_center;
			productName = sweet_game_notification_center;
			productReference = 0C65F0F32B9A1B850087390C /* sweet_game_notification_center.appex */;
			productType = "com.apple.product-type.app-extension";
		};
		0C9078272B8FA73C00F316EA /* sweet_game */ = {
			isa = PBXNativeTarget;
			buildConfigurationList = 0C9078372B8FA73D00F316EA /* Build configuration list for PBXNativeTarget "sweet_game" */;
			buildPhases = (
				0C9078242B8FA73C00F316EA /* Sources */,
				0C9078252B8FA73C00F316EA /* Frameworks */,
				0C9078262B8FA73C00F316EA /* Resources */,
				0C65F0FE2B9A1B850087390C /* Embed Foundation Extensions */,
			);
			buildRules = (
			);
			dependencies = (
				0C65F0F92B9A1B850087390C /* PBXTargetDependency */,
			);
			name = sweet_game;
			packageProductDependencies = (
				0C65F0D32B9A08DC0087390C /* AppsFlyerLib-Dynamic */,
				0C65F1002B9A1BC70087390C /* NavigationBackport */,
				0C65F10C2B9A5E130087390C /* OneSignalExtension */,
				0C65F10E2B9A5E130087390C /* OneSignalFramework */,
				0C65F1102B9A5E130087390C /* OneSignalInAppMessages */,
				0C65F1122B9A5E130087390C /* OneSignalLocation */,
			);
			productName = sweet_game;
			productReference = 0C9078282B8FA73C00F316EA /* sweet_game.app */;
			productType = "com.apple.product-type.application";
		};
/* End PBXNativeTarget section */

/* Begin PBXProject section */
		0C9078202B8FA73C00F316EA /* Project object */ = {
			isa = PBXProject;
			attributes = {
				BuildIndependentTargetsInParallel = 1;
				LastSwiftUpdateCheck = 1530;
				LastUpgradeCheck = 1520;
				TargetAttributes = {
					0C65F0F22B9A1B850087390C = {
						CreatedOnToolsVersion = 15.3;
					};
					0C9078272B8FA73C00F316EA = {
						CreatedOnToolsVersion = 15.2;
					};
				};
			};
			buildConfigurationList = 0C9078232B8FA73C00F316EA /* Build configuration list for PBXProject "sweet_game" */;
			compatibilityVersion = "Xcode 14.0";
			developmentRegion = en;
			hasScannedForEncodings = 0;
			knownRegions = (
				en,
				Base,
			);
			mainGroup = 0C90781F2B8FA73C00F316EA;
			packageReferences = (
				0C65F0D22B9A08DC0087390C /* XCRemoteSwiftPackageReference "AppsFlyerFramework-Dynamic" */,
				0C65F0FF2B9A1BC70087390C /* XCRemoteSwiftPackageReference "NavigationBackport" */,
				0C65F10B2B9A5E130087390C /* XCRemoteSwiftPackageReference "OneSignal-XCFramework" */,
			);
			productRefGroup = 0C9078292B8FA73C00F316EA /* Products */;
			projectDirPath = "";
			projectRoot = "";
			targets = (
				0C9078272B8FA73C00F316EA /* sweet_game */,
				0C65F0F22B9A1B850087390C /* sweet_game_notification_center */,
			);
		};
/* End PBXProject section */

/* Begin PBXResourcesBuildPhase section */
		0C65F0F12B9A1B850087390C /* Resources */ = {
			isa = PBXResourcesBuildPhase;
			buildActionMask = 2147483647;
			files = (
			);
			runOnlyForDeploymentPostprocessing = 0;
		};
		0C9078262B8FA73C00F316EA /* Resources */ = {
			isa = PBXResourcesBuildPhase;
			buildActionMask = 2147483647;
			files = (
				0C9078342B8FA73D00F316EA /* Preview Assets.xcassets in Resources */,
				0C9078302B8FA73D00F316EA /* Assets.xcassets in Resources */,
			);
			runOnlyForDeploymentPostprocessing = 0;
		};
/* End PBXResourcesBuildPhase section */

/* Begin PBXSourcesBuildPhase section */
		0C65F0EF2B9A1B850087390C /* Sources */ = {
			isa = PBXSourcesBuildPhase;
			buildActionMask = 2147483647;
			files = (
				0C65F0F62B9A1B850087390C /* NotificationService.swift in Sources */,
			);
			runOnlyForDeploymentPostprocessing = 0;
		};
		0C9078242B8FA73C00F316EA /* Sources */ = {
			isa = PBXSourcesBuildPhase;
			buildActionMask = 2147483647;
			files = (
				0C90785F2B909DE800F316EA /* BalanceRowView.swift in Sources */,
				0C65F0EE2B9A11900087390C /* WebView.swift in Sources */,
				0C9078702B90ACCD00F316EA /* BackButtonView.swift in Sources */,
				0C90785C2B90985900F316EA /* MainRowView.swift in Sources */,
				0C65F0E32B9A0E9A0087390C /* LogicWebView.swift in Sources */,
				0C9078652B90A18900F316EA /* ButtonView.swift in Sources */,
				0C69E4BA2B9254ED00D671FA /* SimpleToast.swift in Sources */,
				0C9078682B90A36700F316EA /* SweetBlissGameLevelView.swift in Sources */,
				0C90782E2B8FA73C00F316EA /* ContentView.swift in Sources */,
				0C927F9F2B90D1D100AD261D /* GamesBusines.swift in Sources */,
				0C13E4702B9DCAEE005031C9 /* TimeBomb.swift in Sources */,
				0C927FA82B90DC6A00AD261D /* GameItems.swift in Sources */,
				0C1AB3F72B9F7FA70081B5C8 /* SlotsGame.swift in Sources */,
				0C90785A2B9097B600F316EA /* MainView.swift in Sources */,
				0C9078772B90AF5200F316EA /* Router.swift in Sources */,
				0C90784F2B8FC53C00F316EA /* LaunchView.swift in Sources */,
				0C69E4BD2B92587000D671FA /* YouWinView.swift in Sources */,
				0C65F0E42B9A0E9A0087390C /* Redirect.swift in Sources */,
				0C65F0E12B9A0E9A0087390C /* LogicAppState.swift in Sources */,
				0C90786B2B90A43100F316EA /* SweetBlissGameLevel.swift in Sources */,
				0C69E4C42B9308AC00D671FA /* PlaySound.swift in Sources */,
				0C65F0E92B9A10D60087390C /* WebRepresentable.swift in Sources */,
				0C1AB3F92B9F7FCA0081B5C8 /* AdventureGame.swift in Sources */,
				0C1AB3FB2B9F7FEA0081B5C8 /* CloudsGame.swift in Sources */,
				0C90783C2B8FAFD700F316EA /* SweetBlissGame.swift in Sources */,
				0CC668602B98E8FC00F18D7A /* ATTracking.swift in Sources */,
				0C90782C2B8FA73C00F316EA /* sweet_gameApp.swift in Sources */,
				0C9078622B909F1B00F316EA /* SettingsButtonView.swift in Sources */,
				0C69E4C12B92EDFA00D671FA /* SweetGameJoysView.swift in Sources */,
				0C65F0EA2B9A10D60087390C /* WebVC.swift in Sources */,
				0C1AB3F22B9F64E80081B5C8 /* Toggle.swift in Sources */,
				0C9078492B8FB1DC00F316EA /* ViewModifiers.swift in Sources */,
				0C90786E2B90A77F00F316EA /* Storage.swift in Sources */,
			);
			runOnlyForDeploymentPostprocessing = 0;
		};
/* End PBXSourcesBuildPhase section */

/* Begin PBXTargetDependency section */
		0C65F0F92B9A1B850087390C /* PBXTargetDependency */ = {
			isa = PBXTargetDependency;
			target = 0C65F0F22B9A1B850087390C /* sweet_game_notification_center */;
			targetProxy = 0C65F0F82B9A1B850087390C /* PBXContainerItemProxy */;
		};
/* End PBXTargetDependency section */

/* Begin XCBuildConfiguration section */
		0C65F0FC2B9A1B850087390C /* Debug */ = {
			isa = XCBuildConfiguration;
			buildSettings = {
				CODE_SIGN_IDENTITY = "Apple Development";
				CODE_SIGN_STYLE = Manual;
				CURRENT_PROJECT_VERSION = 1;
				DEVELOPMENT_TEAM = "";
				GENERATE_INFOPLIST_FILE = YES;
				INFOPLIST_FILE = sweet_game_notification_center/Info.plist;
				INFOPLIST_KEY_CFBundleDisplayName = sweet_game_notification_center;
				INFOPLIST_KEY_NSHumanReadableCopyright = "";
				IPHONEOS_DEPLOYMENT_TARGET = 16.0;
				LD_RUNPATH_SEARCH_PATHS = (
					"$(inherited)",
					"@executable_path/Frameworks",
					"@executable_path/../../Frameworks",
				);
				MARKETING_VERSION = 1.0;
				PRODUCT_BUNDLE_IDENTIFIER = com.neacklyneacls.sweegammi.notification;
				PRODUCT_NAME = "$(TARGET_NAME)";
				PROVISIONING_PROFILE_SPECIFIER = "";
				SDKROOT = iphoneos;
				SKIP_INSTALL = YES;
				SUPPORTED_PLATFORMS = "iphoneos iphonesimulator";
				SUPPORTS_MACCATALYST = NO;
				SUPPORTS_MAC_DESIGNED_FOR_IPHONE_IPAD = NO;
				SUPPORTS_XR_DESIGNED_FOR_IPHONE_IPAD = NO;
				SWIFT_EMIT_LOC_STRINGS = YES;
				SWIFT_VERSION = 5.0;
				TARGETED_DEVICE_FAMILY = 1;
			};
			name = Debug;
		};
		0C65F0FD2B9A1B850087390C /* Release */ = {
			isa = XCBuildConfiguration;
			buildSettings = {
				CODE_SIGN_IDENTITY = "Apple Development";
				CODE_SIGN_STYLE = Manual;
				CURRENT_PROJECT_VERSION = 1;
				DEVELOPMENT_TEAM = "";
				GENERATE_INFOPLIST_FILE = YES;
				INFOPLIST_FILE = sweet_game_notification_center/Info.plist;
				INFOPLIST_KEY_CFBundleDisplayName = sweet_game_notification_center;
				INFOPLIST_KEY_NSHumanReadableCopyright = "";
				IPHONEOS_DEPLOYMENT_TARGET = 16.0;
				LD_RUNPATH_SEARCH_PATHS = (
					"$(inherited)",
					"@executable_path/Frameworks",
					"@executable_path/../../Frameworks",
				);
				MARKETING_VERSION = 1.0;
				PRODUCT_BUNDLE_IDENTIFIER = com.neacklyneacls.sweegammi.notification;
				PRODUCT_NAME = "$(TARGET_NAME)";
				PROVISIONING_PROFILE_SPECIFIER = "";
				SDKROOT = iphoneos;
				SKIP_INSTALL = YES;
				SUPPORTED_PLATFORMS = "iphoneos iphonesimulator";
				SUPPORTS_MACCATALYST = NO;
				SUPPORTS_MAC_DESIGNED_FOR_IPHONE_IPAD = NO;
				SUPPORTS_XR_DESIGNED_FOR_IPHONE_IPAD = NO;
				SWIFT_EMIT_LOC_STRINGS = YES;
				SWIFT_VERSION = 5.0;
				TARGETED_DEVICE_FAMILY = 1;
				VALIDATE_PRODUCT = YES;
			};
			name = Release;
		};
		0C9078352B8FA73D00F316EA /* Debug */ = {
			isa = XCBuildConfiguration;
			buildSettings = {
				ALWAYS_SEARCH_USER_PATHS = NO;
				ASSETCATALOG_COMPILER_GENERATE_SWIFT_ASSET_SYMBOL_EXTENSIONS = YES;
				CLANG_ANALYZER_NONNULL = YES;
				CLANG_ANALYZER_NUMBER_OBJECT_CONVERSION = YES_AGGRESSIVE;
				CLANG_CXX_LANGUAGE_STANDARD = "gnu++20";
				CLANG_ENABLE_MODULES = YES;
				CLANG_ENABLE_OBJC_ARC = YES;
				CLANG_ENABLE_OBJC_WEAK = YES;
				CLANG_WARN_BLOCK_CAPTURE_AUTORELEASING = YES;
				CLANG_WARN_BOOL_CONVERSION = YES;
				CLANG_WARN_COMMA = YES;
				CLANG_WARN_CONSTANT_CONVERSION = YES;
				CLANG_WARN_DEPRECATED_OBJC_IMPLEMENTATIONS = YES;
				CLANG_WARN_DIRECT_OBJC_ISA_USAGE = YES_ERROR;
				CLANG_WARN_DOCUMENTATION_COMMENTS = YES;
				CLANG_WARN_EMPTY_BODY = YES;
				CLANG_WARN_ENUM_CONVERSION = YES;
				CLANG_WARN_INFINITE_RECURSION = YES;
				CLANG_WARN_INT_CONVERSION = YES;
				CLANG_WARN_NON_LITERAL_NULL_CONVERSION = YES;
				CLANG_WARN_OBJC_IMPLICIT_RETAIN_SELF = YES;
				CLANG_WARN_OBJC_LITERAL_CONVERSION = YES;
				CLANG_WARN_OBJC_ROOT_CLASS = YES_ERROR;
				CLANG_WARN_QUOTED_INCLUDE_IN_FRAMEWORK_HEADER = YES;
				CLANG_WARN_RANGE_LOOP_ANALYSIS = YES;
				CLANG_WARN_STRICT_PROTOTYPES = YES;
				CLANG_WARN_SUSPICIOUS_MOVE = YES;
				CLANG_WARN_UNGUARDED_AVAILABILITY = YES_AGGRESSIVE;
				CLANG_WARN_UNREACHABLE_CODE = YES;
				CLANG_WARN__DUPLICATE_METHOD_MATCH = YES;
				COPY_PHASE_STRIP = NO;
				DEBUG_INFORMATION_FORMAT = dwarf;
				ENABLE_STRICT_OBJC_MSGSEND = YES;
				ENABLE_TESTABILITY = YES;
				ENABLE_USER_SCRIPT_SANDBOXING = YES;
				GCC_C_LANGUAGE_STANDARD = gnu17;
				GCC_DYNAMIC_NO_PIC = NO;
				GCC_NO_COMMON_BLOCKS = YES;
				GCC_OPTIMIZATION_LEVEL = 0;
				GCC_PREPROCESSOR_DEFINITIONS = (
					"DEBUG=1",
					"$(inherited)",
				);
				GCC_WARN_64_TO_32_BIT_CONVERSION = YES;
				GCC_WARN_ABOUT_RETURN_TYPE = YES_ERROR;
				GCC_WARN_UNDECLARED_SELECTOR = YES;
				GCC_WARN_UNINITIALIZED_AUTOS = YES_AGGRESSIVE;
				GCC_WARN_UNUSED_FUNCTION = YES;
				GCC_WARN_UNUSED_VARIABLE = YES;
				IPHONEOS_DEPLOYMENT_TARGET = 17.4;
				LOCALIZATION_PREFERS_STRING_CATALOGS = YES;
				MTL_ENABLE_DEBUG_INFO = INCLUDE_SOURCE;
				MTL_FAST_MATH = YES;
				ONLY_ACTIVE_ARCH = YES;
				SWIFT_ACTIVE_COMPILATION_CONDITIONS = "DEBUG $(inherited)";
				SWIFT_OPTIMIZATION_LEVEL = "-Onone";
			};
			name = Debug;
		};
		0C9078362B8FA73D00F316EA /* Release */ = {
			isa = XCBuildConfiguration;
			buildSettings = {
				ALWAYS_SEARCH_USER_PATHS = NO;
				ASSETCATALOG_COMPILER_GENERATE_SWIFT_ASSET_SYMBOL_EXTENSIONS = YES;
				CLANG_ANALYZER_NONNULL = YES;
				CLANG_ANALYZER_NUMBER_OBJECT_CONVERSION = YES_AGGRESSIVE;
				CLANG_CXX_LANGUAGE_STANDARD = "gnu++20";
				CLANG_ENABLE_MODULES = YES;
				CLANG_ENABLE_OBJC_ARC = YES;
				CLANG_ENABLE_OBJC_WEAK = YES;
				CLANG_WARN_BLOCK_CAPTURE_AUTORELEASING = YES;
				CLANG_WARN_BOOL_CONVERSION = YES;
				CLANG_WARN_COMMA = YES;
				CLANG_WARN_CONSTANT_CONVERSION = YES;
				CLANG_WARN_DEPRECATED_OBJC_IMPLEMENTATIONS = YES;
				CLANG_WARN_DIRECT_OBJC_ISA_USAGE = YES_ERROR;
				CLANG_WARN_DOCUMENTATION_COMMENTS = YES;
				CLANG_WARN_EMPTY_BODY = YES;
				CLANG_WARN_ENUM_CONVERSION = YES;
				CLANG_WARN_INFINITE_RECURSION = YES;
				CLANG_WARN_INT_CONVERSION = YES;
				CLANG_WARN_NON_LITERAL_NULL_CONVERSION = YES;
				CLANG_WARN_OBJC_IMPLICIT_RETAIN_SELF = YES;
				CLANG_WARN_OBJC_LITERAL_CONVERSION = YES;
				CLANG_WARN_OBJC_ROOT_CLASS = YES_ERROR;
				CLANG_WARN_QUOTED_INCLUDE_IN_FRAMEWORK_HEADER = YES;
				CLANG_WARN_RANGE_LOOP_ANALYSIS = YES;
				CLANG_WARN_STRICT_PROTOTYPES = YES;
				CLANG_WARN_SUSPICIOUS_MOVE = YES;
				CLANG_WARN_UNGUARDED_AVAILABILITY = YES_AGGRESSIVE;
				CLANG_WARN_UNREACHABLE_CODE = YES;
				CLANG_WARN__DUPLICATE_METHOD_MATCH = YES;
				COPY_PHASE_STRIP = NO;
				DEBUG_INFORMATION_FORMAT = "dwarf-with-dsym";
				ENABLE_NS_ASSERTIONS = NO;
				ENABLE_STRICT_OBJC_MSGSEND = YES;
				ENABLE_USER_SCRIPT_SANDBOXING = YES;
				GCC_C_LANGUAGE_STANDARD = gnu17;
				GCC_NO_COMMON_BLOCKS = YES;
				GCC_WARN_64_TO_32_BIT_CONVERSION = YES;
				GCC_WARN_ABOUT_RETURN_TYPE = YES_ERROR;
				GCC_WARN_UNDECLARED_SELECTOR = YES;
				GCC_WARN_UNINITIALIZED_AUTOS = YES_AGGRESSIVE;
				GCC_WARN_UNUSED_FUNCTION = YES;
				GCC_WARN_UNUSED_VARIABLE = YES;
				IPHONEOS_DEPLOYMENT_TARGET = 17.4;
				LOCALIZATION_PREFERS_STRING_CATALOGS = YES;
				MTL_ENABLE_DEBUG_INFO = NO;
				MTL_FAST_MATH = YES;
				SWIFT_COMPILATION_MODE = wholemodule;
			};
			name = Release;
		};
		0C9078382B8FA73D00F316EA /* Debug */ = {
			isa = XCBuildConfiguration;
			buildSettings = {
				ALWAYS_EMBED_SWIFT_STANDARD_LIBRARIES = YES;
				ASSETCATALOG_COMPILER_APPICON_NAME = AppIcon;
				ASSETCATALOG_COMPILER_GLOBAL_ACCENT_COLOR_NAME = AccentColor;
				CODE_SIGN_ENTITLEMENTS = sweet_game/sweet_game.entitlements;
				CODE_SIGN_IDENTITY = "Apple Development";
				CODE_SIGN_STYLE = Manual;
				CURRENT_PROJECT_VERSION = 2;
				DEVELOPMENT_ASSET_PATHS = "\"sweet_game/Preview Content\"";
				DEVELOPMENT_TEAM = "";
				ENABLE_HARDENED_RUNTIME = YES;
				ENABLE_PREVIEWS = YES;
				GENERATE_INFOPLIST_FILE = YES;
				INFOPLIST_FILE = "sweet-game-Info.plist";
				INFOPLIST_KEY_CFBundleDisplayName = "Sweet Bonanza's Joy Bliss";
				INFOPLIST_KEY_NSUserTrackingUsageDescription = "Use device id tracking technology to provide personalized ads for you. The collected data will not be associated with you.";
				"INFOPLIST_KEY_UIApplicationSceneManifest_Generation[sdk=iphoneos*]" = YES;
				"INFOPLIST_KEY_UIApplicationSceneManifest_Generation[sdk=iphonesimulator*]" = YES;
				"INFOPLIST_KEY_UIApplicationSupportsIndirectInputEvents[sdk=iphoneos*]" = YES;
				"INFOPLIST_KEY_UIApplicationSupportsIndirectInputEvents[sdk=iphonesimulator*]" = YES;
				"INFOPLIST_KEY_UILaunchScreen_Generation[sdk=iphoneos*]" = YES;
				"INFOPLIST_KEY_UILaunchScreen_Generation[sdk=iphonesimulator*]" = YES;
				"INFOPLIST_KEY_UIStatusBarStyle[sdk=iphoneos*]" = UIStatusBarStyleDefault;
				"INFOPLIST_KEY_UIStatusBarStyle[sdk=iphonesimulator*]" = UIStatusBarStyleDefault;
				INFOPLIST_KEY_UISupportedInterfaceOrientations = "UIInterfaceOrientationLandscapeLeft UIInterfaceOrientationLandscapeRight UIInterfaceOrientationPortrait UIInterfaceOrientationPortraitUpsideDown";
				IPHONEOS_DEPLOYMENT_TARGET = 15.0;
				LD_RUNPATH_SEARCH_PATHS = "@executable_path/Frameworks";
				"LD_RUNPATH_SEARCH_PATHS[sdk=macosx*]" = "@executable_path/../Frameworks";
				MACOSX_DEPLOYMENT_TARGET = 14.2;
				MARKETING_VERSION = 1.0;
				PRODUCT_BUNDLE_IDENTIFIER = com.neacklyneacls.sweegammi;
				PRODUCT_NAME = "$(TARGET_NAME)";
				PROVISIONING_PROFILE_SPECIFIER = "";
				SDKROOT = auto;
				SUPPORTED_PLATFORMS = "iphoneos iphonesimulator";
				SUPPORTS_MACCATALYST = NO;
				SWIFT_EMIT_LOC_STRINGS = YES;
				SWIFT_VERSION = 5.0;
				TARGETED_DEVICE_FAMILY = 1;
			};
			name = Debug;
		};
		0C9078392B8FA73D00F316EA /* Release */ = {
			isa = XCBuildConfiguration;
			buildSettings = {
				ALWAYS_EMBED_SWIFT_STANDARD_LIBRARIES = YES;
				ASSETCATALOG_COMPILER_APPICON_NAME = AppIcon;
				ASSETCATALOG_COMPILER_GLOBAL_ACCENT_COLOR_NAME = AccentColor;
				CODE_SIGN_ENTITLEMENTS = sweet_game/sweet_game.entitlements;
				CODE_SIGN_IDENTITY = "Apple Development";
				CODE_SIGN_STYLE = Manual;
				CURRENT_PROJECT_VERSION = 2;
				DEVELOPMENT_ASSET_PATHS = "\"sweet_game/Preview Content\"";
				DEVELOPMENT_TEAM = "";
				ENABLE_HARDENED_RUNTIME = YES;
				ENABLE_PREVIEWS = YES;
				GENERATE_INFOPLIST_FILE = YES;
				INFOPLIST_FILE = "sweet-game-Info.plist";
				INFOPLIST_KEY_CFBundleDisplayName = "Sweet Bonanza's Joy Bliss";
				INFOPLIST_KEY_NSUserTrackingUsageDescription = "Use device id tracking technology to provide personalized ads for you. The collected data will not be associated with you.";
				"INFOPLIST_KEY_UIApplicationSceneManifest_Generation[sdk=iphoneos*]" = YES;
				"INFOPLIST_KEY_UIApplicationSceneManifest_Generation[sdk=iphonesimulator*]" = YES;
				"INFOPLIST_KEY_UIApplicationSupportsIndirectInputEvents[sdk=iphoneos*]" = YES;
				"INFOPLIST_KEY_UIApplicationSupportsIndirectInputEvents[sdk=iphonesimulator*]" = YES;
				"INFOPLIST_KEY_UILaunchScreen_Generation[sdk=iphoneos*]" = YES;
				"INFOPLIST_KEY_UILaunchScreen_Generation[sdk=iphonesimulator*]" = YES;
				"INFOPLIST_KEY_UIStatusBarStyle[sdk=iphoneos*]" = UIStatusBarStyleDefault;
				"INFOPLIST_KEY_UIStatusBarStyle[sdk=iphonesimulator*]" = UIStatusBarStyleDefault;
				INFOPLIST_KEY_UISupportedInterfaceOrientations = "UIInterfaceOrientationLandscapeLeft UIInterfaceOrientationLandscapeRight UIInterfaceOrientationPortrait UIInterfaceOrientationPortraitUpsideDown";
				IPHONEOS_DEPLOYMENT_TARGET = 15.0;
				LD_RUNPATH_SEARCH_PATHS = "@executable_path/Frameworks";
				"LD_RUNPATH_SEARCH_PATHS[sdk=macosx*]" = "@executable_path/../Frameworks";
				MACOSX_DEPLOYMENT_TARGET = 14.2;
				MARKETING_VERSION = 1.0;
				PRODUCT_BUNDLE_IDENTIFIER = com.neacklyneacls.sweegammi;
				PRODUCT_NAME = "$(TARGET_NAME)";
				PROVISIONING_PROFILE_SPECIFIER = "";
				SDKROOT = auto;
				SUPPORTED_PLATFORMS = "iphoneos iphonesimulator";
				SUPPORTS_MACCATALYST = NO;
				SWIFT_EMIT_LOC_STRINGS = YES;
				SWIFT_VERSION = 5.0;
				TARGETED_DEVICE_FAMILY = 1;
			};
			name = Release;
		};
/* End XCBuildConfiguration section */

/* Begin XCConfigurationList section */
		0C65F0FB2B9A1B850087390C /* Build configuration list for PBXNativeTarget "sweet_game_notification_center" */ = {
			isa = XCConfigurationList;
			buildConfigurations = (
				0C65F0FC2B9A1B850087390C /* Debug */,
				0C65F0FD2B9A1B850087390C /* Release */,
			);
			defaultConfigurationIsVisible = 0;
			defaultConfigurationName = Release;
		};
		0C9078232B8FA73C00F316EA /* Build configuration list for PBXProject "sweet_game" */ = {
			isa = XCConfigurationList;
			buildConfigurations = (
				0C9078352B8FA73D00F316EA /* Debug */,
				0C9078362B8FA73D00F316EA /* Release */,
			);
			defaultConfigurationIsVisible = 0;
			defaultConfigurationName = Release;
		};
		0C9078372B8FA73D00F316EA /* Build configuration list for PBXNativeTarget "sweet_game" */ = {
			isa = XCConfigurationList;
			buildConfigurations = (
				0C9078382B8FA73D00F316EA /* Debug */,
				0C9078392B8FA73D00F316EA /* Release */,
			);
			defaultConfigurationIsVisible = 0;
			defaultConfigurationName = Release;
		};
/* End XCConfigurationList section */

/* Begin XCRemoteSwiftPackageReference section */
		0C65F0D22B9A08DC0087390C /* XCRemoteSwiftPackageReference "AppsFlyerFramework-Dynamic" */ = {
			isa = XCRemoteSwiftPackageReference;
			repositoryURL = "https://github.com/AppsFlyerSDK/AppsFlyerFramework-Dynamic";
			requirement = {
				kind = upToNextMajorVersion;
				minimumVersion = 6.13.1;
			};
		};
		0C65F0FF2B9A1BC70087390C /* XCRemoteSwiftPackageReference "NavigationBackport" */ = {
			isa = XCRemoteSwiftPackageReference;
			repositoryURL = "https://github.com/johnpatrickmorgan/NavigationBackport.git";
			requirement = {
				kind = upToNextMajorVersion;
				minimumVersion = 0.9.1;
			};
		};
		0C65F10B2B9A5E130087390C /* XCRemoteSwiftPackageReference "OneSignal-XCFramework" */ = {
			isa = XCRemoteSwiftPackageReference;
			repositoryURL = "https://github.com/OneSignal/OneSignal-XCFramework.git";
			requirement = {
				kind = upToNextMajorVersion;
				minimumVersion = 5.1.3;
			};
		};
/* End XCRemoteSwiftPackageReference section */

/* Begin XCSwiftPackageProductDependency section */
		0C65F0D32B9A08DC0087390C /* AppsFlyerLib-Dynamic */ = {
			isa = XCSwiftPackageProductDependency;
			package = 0C65F0D22B9A08DC0087390C /* XCRemoteSwiftPackageReference "AppsFlyerFramework-Dynamic" */;
			productName = "AppsFlyerLib-Dynamic";
		};
		0C65F1002B9A1BC70087390C /* NavigationBackport */ = {
			isa = XCSwiftPackageProductDependency;
			package = 0C65F0FF2B9A1BC70087390C /* XCRemoteSwiftPackageReference "NavigationBackport" */;
			productName = NavigationBackport;
		};
		0C65F10C2B9A5E130087390C /* OneSignalExtension */ = {
			isa = XCSwiftPackageProductDependency;
			package = 0C65F10B2B9A5E130087390C /* XCRemoteSwiftPackageReference "OneSignal-XCFramework" */;
			productName = OneSignalExtension;
		};
		0C65F10E2B9A5E130087390C /* OneSignalFramework */ = {
			isa = XCSwiftPackageProductDependency;
			package = 0C65F10B2B9A5E130087390C /* XCRemoteSwiftPackageReference "OneSignal-XCFramework" */;
			productName = OneSignalFramework;
		};
		0C65F1102B9A5E130087390C /* OneSignalInAppMessages */ = {
			isa = XCSwiftPackageProductDependency;
			package = 0C65F10B2B9A5E130087390C /* XCRemoteSwiftPackageReference "OneSignal-XCFramework" */;
			productName = OneSignalInAppMessages;
		};
		0C65F1122B9A5E130087390C /* OneSignalLocation */ = {
			isa = XCSwiftPackageProductDependency;
			package = 0C65F10B2B9A5E130087390C /* XCRemoteSwiftPackageReference "OneSignal-XCFramework" */;
			productName = OneSignalLocation;
		};
/* End XCSwiftPackageProductDependency section */
	};
	rootObject = 0C9078202B8FA73C00F316EA /* Project object */;
}
